// !$*UTF8*$!
{
	archiveVersion = 1;
	classes = {
	};
	objectVersion = 48;
	objects = {

/* Begin PBXBuildFile section */
		3B62236D1FB49D8900AAFF10 /* click.aiff in Resources */ = {isa = PBXBuildFile; fileRef = 3B62236C1FB49D8900AAFF10 /* click.aiff */; };
		3BA0A3A01FB380E50024C2F9 /* ValleyWindow.m in Sources */ = {isa = PBXBuildFile; fileRef = 3BA0A39F1FB380E50024C2F9 /* ValleyWindow.m */; };
		3BA0A3A31FB38BEB0024C2F9 /* ValleyButton.m in Sources */ = {isa = PBXBuildFile; fileRef = 3BA0A3A21FB38BEB0024C2F9 /* ValleyButton.m */; };
		3BC6433F1FB0C3F000E57E65 /* AppDelegate.m in Sources */ = {isa = PBXBuildFile; fileRef = 3BC6433E1FB0C3F000E57E65 /* AppDelegate.m */; };
		3BC643441FB0C3F000E57E65 /* MainMenu.xib in Resources */ = {isa = PBXBuildFile; fileRef = 3BC643421FB0C3F000E57E65 /* MainMenu.xib */; };
		3BC643471FB0C3F000E57E65 /* main.m in Sources */ = {isa = PBXBuildFile; fileRef = 3BC643461FB0C3F000E57E65 /* main.m */; };
		3BC643531FB0C51B00E57E65 /* Character.m in Sources */ = {isa = PBXBuildFile; fileRef = 3BC643511FB0C51B00E57E65 /* Character.m */; };
		3BC643601FB0CA4D00E57E65 /* MessageView.m in Sources */ = {isa = PBXBuildFile; fileRef = 3BC6435A1FB0CA4C00E57E65 /* MessageView.m */; };
		3BC643611FB0CA4D00E57E65 /* NumberView.m in Sources */ = {isa = PBXBuildFile; fileRef = 3BC6435C1FB0CA4C00E57E65 /* NumberView.m */; };
		3BC643621FB0CA4D00E57E65 /* NameView.m in Sources */ = {isa = PBXBuildFile; fileRef = 3BC6435D1FB0CA4C00E57E65 /* NameView.m */; };
		3BC643631FB0CA4D00E57E65 /* ScreenView.m in Sources */ = {isa = PBXBuildFile; fileRef = 3BC6435F1FB0CA4D00E57E65 /* ScreenView.m */; };
		3BE3E6EA1FB5175800C5C94A /* story.txt in Resources */ = {isa = PBXBuildFile; fileRef = 3BE3E6E91FB5175800C5C94A /* story.txt */; };
		3BE3E6ED1FB5188800C5C94A /* ValleyStoryWindow.m in Sources */ = {isa = PBXBuildFile; fileRef = 3BE3E6EC1FB5188800C5C94A /* ValleyStoryWindow.m */; };
		3BE3E6F51FB5A07900C5C94A /* Assets.xcassets in Resources */ = {isa = PBXBuildFile; fileRef = 3BE3E6F41FB5A07900C5C94A /* Assets.xcassets */; };
/* End PBXBuildFile section */

/* Begin PBXFileReference section */
		3B62236C1FB49D8900AAFF10 /* click.aiff */ = {isa = PBXFileReference; lastKnownFileType = audio.aiff; path = click.aiff; sourceTree = "<group>"; };
		3BA0A39E1FB380E50024C2F9 /* ValleyWindow.h */ = {isa = PBXFileReference; lastKnownFileType = sourcecode.c.h; path = ValleyWindow.h; sourceTree = "<group>"; };
		3BA0A39F1FB380E50024C2F9 /* ValleyWindow.m */ = {isa = PBXFileReference; lastKnownFileType = sourcecode.c.objc; path = ValleyWindow.m; sourceTree = "<group>"; };
		3BA0A3A11FB38BEB0024C2F9 /* ValleyButton.h */ = {isa = PBXFileReference; lastKnownFileType = sourcecode.c.h; path = ValleyButton.h; sourceTree = "<group>"; };
		3BA0A3A21FB38BEB0024C2F9 /* ValleyButton.m */ = {isa = PBXFileReference; lastKnownFileType = sourcecode.c.objc; path = ValleyButton.m; sourceTree = "<group>"; };
		3BC6433A1FB0C3F000E57E65 /* The Valley.app */ = {isa = PBXFileReference; explicitFileType = wrapper.application; includeInIndex = 0; path = "The Valley.app"; sourceTree = BUILT_PRODUCTS_DIR; };
		3BC6433D1FB0C3F000E57E65 /* AppDelegate.h */ = {isa = PBXFileReference; lastKnownFileType = sourcecode.c.h; path = AppDelegate.h; sourceTree = "<group>"; };
		3BC6433E1FB0C3F000E57E65 /* AppDelegate.m */ = {isa = PBXFileReference; lastKnownFileType = sourcecode.c.objc; path = AppDelegate.m; sourceTree = "<group>"; };
		3BC643431FB0C3F000E57E65 /* Base */ = {isa = PBXFileReference; lastKnownFileType = file.xib; name = Base; path = Base.lproj/MainMenu.xib; sourceTree = "<group>"; };
		3BC643451FB0C3F000E57E65 /* Info.plist */ = {isa = PBXFileReference; lastKnownFileType = text.plist.xml; path = Info.plist; sourceTree = "<group>"; };
		3BC643461FB0C3F000E57E65 /* main.m */ = {isa = PBXFileReference; lastKnownFileType = sourcecode.c.objc; path = main.m; sourceTree = "<group>"; };
		3BC643501FB0C51B00E57E65 /* Character.h */ = {isa = PBXFileReference; fileEncoding = 4; lastKnownFileType = sourcecode.c.h; path = Character.h; sourceTree = "<group>"; };
		3BC643511FB0C51B00E57E65 /* Character.m */ = {isa = PBXFileReference; fileEncoding = 4; lastKnownFileType = sourcecode.c.objc; path = Character.m; sourceTree = "<group>"; };
		3BC643571FB0C52A00E57E65 /* Constants.h */ = {isa = PBXFileReference; lastKnownFileType = sourcecode.c.h; path = Constants.h; sourceTree = "<group>"; };
		3BC643581FB0CA4C00E57E65 /* NameView.h */ = {isa = PBXFileReference; fileEncoding = 4; lastKnownFileType = sourcecode.c.h; path = NameView.h; sourceTree = "<group>"; };
		3BC643591FB0CA4C00E57E65 /* MessageView.h */ = {isa = PBXFileReference; fileEncoding = 4; lastKnownFileType = sourcecode.c.h; path = MessageView.h; sourceTree = "<group>"; };
		3BC6435A1FB0CA4C00E57E65 /* MessageView.m */ = {isa = PBXFileReference; fileEncoding = 4; lastKnownFileType = sourcecode.c.objc; path = MessageView.m; sourceTree = "<group>"; };
		3BC6435B1FB0CA4C00E57E65 /* ScreenView.h */ = {isa = PBXFileReference; fileEncoding = 4; lastKnownFileType = sourcecode.c.h; path = ScreenView.h; sourceTree = "<group>"; };
		3BC6435C1FB0CA4C00E57E65 /* NumberView.m */ = {isa = PBXFileReference; fileEncoding = 4; lastKnownFileType = sourcecode.c.objc; path = NumberView.m; sourceTree = "<group>"; };
		3BC6435D1FB0CA4C00E57E65 /* NameView.m */ = {isa = PBXFileReference; fileEncoding = 4; lastKnownFileType = sourcecode.c.objc; path = NameView.m; sourceTree = "<group>"; };
		3BC6435E1FB0CA4D00E57E65 /* NumberView.h */ = {isa = PBXFileReference; fileEncoding = 4; lastKnownFileType = sourcecode.c.h; path = NumberView.h; sourceTree = "<group>"; };
		3BC6435F1FB0CA4D00E57E65 /* ScreenView.m */ = {isa = PBXFileReference; fileEncoding = 4; lastKnownFileType = sourcecode.c.objc; path = ScreenView.m; sourceTree = "<group>"; };
		3BE3E6E91FB5175800C5C94A /* story.txt */ = {isa = PBXFileReference; fileEncoding = 4; lastKnownFileType = text; path = story.txt; sourceTree = "<group>"; };
		3BE3E6EB1FB5188800C5C94A /* ValleyStoryWindow.h */ = {isa = PBXFileReference; lastKnownFileType = sourcecode.c.h; path = ValleyStoryWindow.h; sourceTree = "<group>"; };
		3BE3E6EC1FB5188800C5C94A /* ValleyStoryWindow.m */ = {isa = PBXFileReference; lastKnownFileType = sourcecode.c.objc; path = ValleyStoryWindow.m; sourceTree = "<group>"; };
		3BE3E6F41FB5A07900C5C94A /* Assets.xcassets */ = {isa = PBXFileReference; lastKnownFileType = folder.assetcatalog; path = Assets.xcassets; sourceTree = "<group>"; };
/* End PBXFileReference section */

/* Begin PBXFrameworksBuildPhase section */
		3BC643371FB0C3F000E57E65 /* Frameworks */ = {
			isa = PBXFrameworksBuildPhase;
			buildActionMask = 2147483647;
			files = (
			);
			runOnlyForDeploymentPostprocessing = 0;
		};
/* End PBXFrameworksBuildPhase section */

/* Begin PBXGroup section */
		3BC643311FB0C3F000E57E65 = {
			isa = PBXGroup;
			children = (
				3BC6433C1FB0C3F000E57E65 /* The Valley */,
				3BC6433B1FB0C3F000E57E65 /* Products */,
			);
			sourceTree = "<group>";
		};
		3BC6433B1FB0C3F000E57E65 /* Products */ = {
			isa = PBXGroup;
			children = (
				3BC6433A1FB0C3F000E57E65 /* The Valley.app */,
			);
			name = Products;
			sourceTree = "<group>";
		};
		3BC6433C1FB0C3F000E57E65 /* The Valley */ = {
			isa = PBXGroup;
			children = (
				3BC643571FB0C52A00E57E65 /* Constants.h */,
				3BC6433D1FB0C3F000E57E65 /* AppDelegate.h */,
				3BC6433E1FB0C3F000E57E65 /* AppDelegate.m */,
				3BA0A39E1FB380E50024C2F9 /* ValleyWindow.h */,
				3BA0A39F1FB380E50024C2F9 /* ValleyWindow.m */,
				3BA0A3A11FB38BEB0024C2F9 /* ValleyButton.h */,
				3BA0A3A21FB38BEB0024C2F9 /* ValleyButton.m */,
				3BE3E6EB1FB5188800C5C94A /* ValleyStoryWindow.h */,
				3BE3E6EC1FB5188800C5C94A /* ValleyStoryWindow.m */,
				3BC643591FB0CA4C00E57E65 /* MessageView.h */,
				3BC6435A1FB0CA4C00E57E65 /* MessageView.m */,
				3BC643581FB0CA4C00E57E65 /* NameView.h */,
				3BC6435D1FB0CA4C00E57E65 /* NameView.m */,
				3BC6435E1FB0CA4D00E57E65 /* NumberView.h */,
				3BC6435C1FB0CA4C00E57E65 /* NumberView.m */,
				3BC6435B1FB0CA4C00E57E65 /* ScreenView.h */,
				3BC6435F1FB0CA4D00E57E65 /* ScreenView.m */,
				3BC643501FB0C51B00E57E65 /* Character.h */,
				3BC643511FB0C51B00E57E65 /* Character.m */,
				3B62236C1FB49D8900AAFF10 /* click.aiff */,
				3BE3E6E91FB5175800C5C94A /* story.txt */,
				3BE3E6F41FB5A07900C5C94A /* Assets.xcassets */,
				3BC643421FB0C3F000E57E65 /* MainMenu.xib */,
				3BC643451FB0C3F000E57E65 /* Info.plist */,
				3BC643461FB0C3F000E57E65 /* main.m */,
			);
			path = "The Valley";
			sourceTree = "<group>";
		};
/* End PBXGroup section */

/* Begin PBXNativeTarget section */
		3BC643391FB0C3F000E57E65 /* The Valley */ = {
			isa = PBXNativeTarget;
			buildConfigurationList = 3BC6434B1FB0C3F000E57E65 /* Build configuration list for PBXNativeTarget "The Valley" */;
			buildPhases = (
				3BC643361FB0C3F000E57E65 /* Sources */,
				3BC643371FB0C3F000E57E65 /* Frameworks */,
				3BC643381FB0C3F000E57E65 /* Resources */,
			);
			buildRules = (
			);
			dependencies = (
			);
			name = "The Valley";
			productName = "The Valley";
			productReference = 3BC6433A1FB0C3F000E57E65 /* The Valley.app */;
			productType = "com.apple.product-type.application";
		};
/* End PBXNativeTarget section */

/* Begin PBXProject section */
		3BC643321FB0C3F000E57E65 /* Project object */ = {
			isa = PBXProject;
			attributes = {
				LastUpgradeCheck = 1160;
				ORGANIZATIONNAME = "Tony Smith";
				TargetAttributes = {
					3BC643391FB0C3F000E57E65 = {
						CreatedOnToolsVersion = 9.1;
						ProvisioningStyle = Automatic;
						SystemCapabilities = {
							com.apple.iCloud = {
								enabled = 0;
							};
						};
					};
				};
			};
			buildConfigurationList = 3BC643351FB0C3F000E57E65 /* Build configuration list for PBXProject "The Valley" */;
			compatibilityVersion = "Xcode 8.0";
			developmentRegion = en;
			hasScannedForEncodings = 0;
			knownRegions = (
				en,
				Base,
			);
			mainGroup = 3BC643311FB0C3F000E57E65;
			productRefGroup = 3BC6433B1FB0C3F000E57E65 /* Products */;
			projectDirPath = "";
			projectRoot = "";
			targets = (
				3BC643391FB0C3F000E57E65 /* The Valley */,
			);
		};
/* End PBXProject section */

/* Begin PBXResourcesBuildPhase section */
		3BC643381FB0C3F000E57E65 /* Resources */ = {
			isa = PBXResourcesBuildPhase;
			buildActionMask = 2147483647;
			files = (
				3BE3E6EA1FB5175800C5C94A /* story.txt in Resources */,
				3B62236D1FB49D8900AAFF10 /* click.aiff in Resources */,
				3BE3E6F51FB5A07900C5C94A /* Assets.xcassets in Resources */,
				3BC643441FB0C3F000E57E65 /* MainMenu.xib in Resources */,
			);
			runOnlyForDeploymentPostprocessing = 0;
		};
/* End PBXResourcesBuildPhase section */

/* Begin PBXSourcesBuildPhase section */
		3BC643361FB0C3F000E57E65 /* Sources */ = {
			isa = PBXSourcesBuildPhase;
			buildActionMask = 2147483647;
			files = (
				3BC643601FB0CA4D00E57E65 /* MessageView.m in Sources */,
				3BC643611FB0CA4D00E57E65 /* NumberView.m in Sources */,
				3BA0A3A31FB38BEB0024C2F9 /* ValleyButton.m in Sources */,
				3BC643471FB0C3F000E57E65 /* main.m in Sources */,
				3BC6433F1FB0C3F000E57E65 /* AppDelegate.m in Sources */,
				3BC643631FB0CA4D00E57E65 /* ScreenView.m in Sources */,
				3BC643531FB0C51B00E57E65 /* Character.m in Sources */,
				3BA0A3A01FB380E50024C2F9 /* ValleyWindow.m in Sources */,
				3BE3E6ED1FB5188800C5C94A /* ValleyStoryWindow.m in Sources */,
				3BC643621FB0CA4D00E57E65 /* NameView.m in Sources */,
			);
			runOnlyForDeploymentPostprocessing = 0;
		};
/* End PBXSourcesBuildPhase section */

/* Begin PBXVariantGroup section */
		3BC643421FB0C3F000E57E65 /* MainMenu.xib */ = {
			isa = PBXVariantGroup;
			children = (
				3BC643431FB0C3F000E57E65 /* Base */,
			);
			name = MainMenu.xib;
			sourceTree = "<group>";
		};
/* End PBXVariantGroup section */

/* Begin XCBuildConfiguration section */
		3BC643491FB0C3F000E57E65 /* Debug */ = {
			isa = XCBuildConfiguration;
			buildSettings = {
				ALWAYS_SEARCH_USER_PATHS = NO;
				CLANG_ANALYZER_NONNULL = YES;
				CLANG_ANALYZER_NUMBER_OBJECT_CONVERSION = YES_AGGRESSIVE;
				CLANG_CXX_LANGUAGE_STANDARD = "gnu++14";
				CLANG_CXX_LIBRARY = "libc++";
				CLANG_ENABLE_MODULES = YES;
				CLANG_ENABLE_OBJC_ARC = YES;
				CLANG_WARN_BLOCK_CAPTURE_AUTORELEASING = YES;
				CLANG_WARN_BOOL_CONVERSION = YES;
				CLANG_WARN_COMMA = YES;
				CLANG_WARN_CONSTANT_CONVERSION = YES;
				CLANG_WARN_DEPRECATED_OBJC_IMPLEMENTATIONS = YES;
				CLANG_WARN_DIRECT_OBJC_ISA_USAGE = YES_ERROR;
				CLANG_WARN_DOCUMENTATION_COMMENTS = YES;
				CLANG_WARN_EMPTY_BODY = YES;
				CLANG_WARN_ENUM_CONVERSION = YES;
				CLANG_WARN_INFINITE_RECURSION = YES;
				CLANG_WARN_INT_CONVERSION = YES;
				CLANG_WARN_NON_LITERAL_NULL_CONVERSION = YES;
				CLANG_WARN_OBJC_IMPLICIT_RETAIN_SELF = YES;
				CLANG_WARN_OBJC_LITERAL_CONVERSION = YES;
				CLANG_WARN_OBJC_ROOT_CLASS = YES_ERROR;
				CLANG_WARN_RANGE_LOOP_ANALYSIS = YES;
				CLANG_WARN_STRICT_PROTOTYPES = YES;
				CLANG_WARN_SUSPICIOUS_MOVE = YES;
				CLANG_WARN_UNGUARDED_AVAILABILITY = YES_AGGRESSIVE;
				CLANG_WARN_UNREACHABLE_CODE = YES;
				CLANG_WARN__DUPLICATE_METHOD_MATCH = YES;
				CODE_SIGN_IDENTITY = "Mac Developer";
				COPY_PHASE_STRIP = NO;
				DEBUG_INFORMATION_FORMAT = dwarf;
				ENABLE_STRICT_OBJC_MSGSEND = YES;
				ENABLE_TESTABILITY = YES;
				GCC_C_LANGUAGE_STANDARD = gnu11;
				GCC_DYNAMIC_NO_PIC = NO;
				GCC_NO_COMMON_BLOCKS = YES;
				GCC_OPTIMIZATION_LEVEL = 0;
				GCC_PREPROCESSOR_DEFINITIONS = (
					"DEBUG=1",
					"$(inherited)",
				);
				GCC_WARN_64_TO_32_BIT_CONVERSION = YES;
				GCC_WARN_ABOUT_RETURN_TYPE = YES_ERROR;
				GCC_WARN_UNDECLARED_SELECTOR = YES;
				GCC_WARN_UNINITIALIZED_AUTOS = YES_AGGRESSIVE;
				GCC_WARN_UNUSED_FUNCTION = YES;
				GCC_WARN_UNUSED_VARIABLE = YES;
				MACOSX_DEPLOYMENT_TARGET = 10.13;
				MTL_ENABLE_DEBUG_INFO = YES;
				ONLY_ACTIVE_ARCH = YES;
				SDKROOT = macosx;
			};
			name = Debug;
		};
		3BC6434A1FB0C3F000E57E65 /* Release */ = {
			isa = XCBuildConfiguration;
			buildSettings = {
				ALWAYS_SEARCH_USER_PATHS = NO;
				CLANG_ANALYZER_NONNULL = YES;
				CLANG_ANALYZER_NUMBER_OBJECT_CONVERSION = YES_AGGRESSIVE;
				CLANG_CXX_LANGUAGE_STANDARD = "gnu++14";
				CLANG_CXX_LIBRARY = "libc++";
				CLANG_ENABLE_MODULES = YES;
				CLANG_ENABLE_OBJC_ARC = YES;
				CLANG_WARN_BLOCK_CAPTURE_AUTORELEASING = YES;
				CLANG_WARN_BOOL_CONVERSION = YES;
				CLANG_WARN_COMMA = YES;
				CLANG_WARN_CONSTANT_CONVERSION = YES;
				CLANG_WARN_DEPRECATED_OBJC_IMPLEMENTATIONS = YES;
				CLANG_WARN_DIRECT_OBJC_ISA_USAGE = YES_ERROR;
				CLANG_WARN_DOCUMENTATION_COMMENTS = YES;
				CLANG_WARN_EMPTY_BODY = YES;
				CLANG_WARN_ENUM_CONVERSION = YES;
				CLANG_WARN_INFINITE_RECURSION = YES;
				CLANG_WARN_INT_CONVERSION = YES;
				CLANG_WARN_NON_LITERAL_NULL_CONVERSION = YES;
				CLANG_WARN_OBJC_IMPLICIT_RETAIN_SELF = YES;
				CLANG_WARN_OBJC_LITERAL_CONVERSION = YES;
				CLANG_WARN_OBJC_ROOT_CLASS = YES_ERROR;
				CLANG_WARN_RANGE_LOOP_ANALYSIS = YES;
				CLANG_WARN_STRICT_PROTOTYPES = YES;
				CLANG_WARN_SUSPICIOUS_MOVE = YES;
				CLANG_WARN_UNGUARDED_AVAILABILITY = YES_AGGRESSIVE;
				CLANG_WARN_UNREACHABLE_CODE = YES;
				CLANG_WARN__DUPLICATE_METHOD_MATCH = YES;
				CODE_SIGN_IDENTITY = "Mac Developer";
				COPY_PHASE_STRIP = NO;
				DEBUG_INFORMATION_FORMAT = "dwarf-with-dsym";
				ENABLE_NS_ASSERTIONS = NO;
				ENABLE_STRICT_OBJC_MSGSEND = YES;
				GCC_C_LANGUAGE_STANDARD = gnu11;
				GCC_NO_COMMON_BLOCKS = YES;
				GCC_WARN_64_TO_32_BIT_CONVERSION = YES;
				GCC_WARN_ABOUT_RETURN_TYPE = YES_ERROR;
				GCC_WARN_UNDECLARED_SELECTOR = YES;
				GCC_WARN_UNINITIALIZED_AUTOS = YES_AGGRESSIVE;
				GCC_WARN_UNUSED_FUNCTION = YES;
				GCC_WARN_UNUSED_VARIABLE = YES;
				MACOSX_DEPLOYMENT_TARGET = 10.13;
				MTL_ENABLE_DEBUG_INFO = NO;
				SDKROOT = macosx;
			};
			name = Release;
		};
		3BC6434C1FB0C3F000E57E65 /* Debug */ = {
			isa = XCBuildConfiguration;
			buildSettings = {
				ASSETCATALOG_COMPILER_APPICON_NAME = AppIcon;
				CODE_SIGN_ENTITLEMENTS = "The Valley/The Valley.entitlements";
				CODE_SIGN_IDENTITY = "Apple Development";
				CODE_SIGN_STYLE = Automatic;
				COMBINE_HIDPI_IMAGES = YES;
				CURRENT_PROJECT_VERSION = 10;
				DEVELOPMENT_TEAM = Y5J3K52DNA;
				ENABLE_HARDENED_RUNTIME = YES;
				INFOPLIST_FILE = "The Valley/Info.plist";
				LD_RUNPATH_SEARCH_PATHS = "$(inherited) @executable_path/../Frameworks";
				MACOSX_DEPLOYMENT_TARGET = 10.13;
				MARKETING_VERSION = 1.0.8;
				PRODUCT_BUNDLE_IDENTIFIER = "com.bps.the-valley";
				PRODUCT_NAME = "$(TARGET_NAME)";
			};
			name = Debug;
		};
		3BC6434D1FB0C3F000E57E65 /* Release */ = {
			isa = XCBuildConfiguration;
			buildSettings = {
				ASSETCATALOG_COMPILER_APPICON_NAME = AppIcon;
				CODE_SIGN_ENTITLEMENTS = "The Valley/The Valley.entitlements";
				CODE_SIGN_IDENTITY = "Apple Development";
				CODE_SIGN_STYLE = Automatic;
				COMBINE_HIDPI_IMAGES = YES;
				CURRENT_PROJECT_VERSION = 10;
				DEVELOPMENT_TEAM = Y5J3K52DNA;
				ENABLE_HARDENED_RUNTIME = YES;
				INFOPLIST_FILE = "The Valley/Info.plist";
				LD_RUNPATH_SEARCH_PATHS = "$(inherited) @executable_path/../Frameworks";
				MACOSX_DEPLOYMENT_TARGET = 10.13;
				MARKETING_VERSION = 1.0.8;
				PRODUCT_BUNDLE_IDENTIFIER = "com.bps.the-valley";
				PRODUCT_NAME = "$(TARGET_NAME)";
			};
			name = Release;
		};
/* End XCBuildConfiguration section */

/* Begin XCConfigurationList section */
		3BC643351FB0C3F000E57E65 /* Build configuration list for PBXProject "The Valley" */ = {
			isa = XCConfigurationList;
			buildConfigurations = (
				3BC643491FB0C3F000E57E65 /* Debug */,
				3BC6434A1FB0C3F000E57E65 /* Release */,
			);
			defaultConfigurationIsVisible = 0;
			defaultConfigurationName = Release;
		};
		3BC6434B1FB0C3F000E57E65 /* Build configuration list for PBXNativeTarget "The Valley" */ = {
			isa = XCConfigurationList;
			buildConfigurations = (
				3BC6434C1FB0C3F000E57E65 /* Debug */,
				3BC6434D1FB0C3F000E57E65 /* Release */,
			);
			defaultConfigurationIsVisible = 0;
			defaultConfigurationName = Release;
		};
/* End XCConfigurationList section */
	};
	rootObject = 3BC643321FB0C3F000E57E65 /* Project object */;
}
